# Generated by pub
# See https://dart.dev/tools/pub/glossary#lockfile
packages:
  design_codegen:
    dependency: "direct main"
    description:
      name: design_codegen
      sha256: b1e766d0f2394f90a3cc03b1f7d4b65a78f40a361d211dcb04a2ff972be69732
      url: "https://pub.dev"
    source: hosted
    version: "0.0.16"
sdks:
  dart: ">=3.10.1 <4.0.0"
