# Generated by pub
# See https://dart.dev/tools/pub/glossary#lockfile
packages:
  design_codegen:
    dependency: "direct main"
    description:
      name: design_codegen
      sha256: b605c97d5943d869325ae104936366ca30eeecbd93238c1d149e52f61006ac25
      url: "https://pub.dev"
    source: hosted
    version: "0.0.15"
sdks:
  dart: ">=3.10.1 <4.0.0"
