# Generated by pub
# See https://dart.dev/tools/pub/glossary#lockfile
packages:
  design_codegen:
    dependency: "direct main"
    description:
      name: design_codegen
      sha256: a3b684eaed58a08d5cdd796e8fa02f5498739dca62de5ea9a3b15b087c31a1e9
      url: "https://pub.dev"
    source: hosted
    version: "0.0.12"
sdks:
  dart: ">=3.10.1 <4.0.0"
